
Microsoft Visual Studio Solution File, Format Version 12.00
# Visual Studio Version 17
VisualStudioVersion = 17.6.33815.320
MinimumVisualStudioVersion = 10.0.40219.1
Project("{FAE04EC0-301F-11D3-BF4B-00C04F79EFBC}") = "CrudWinFormsBancoMemoria", "CrudWinFormsBancoMemoria\CrudWinFormsBancoMemoria.csproj", "{4729A215-356D-4536-9F30-3CE238485BDC}"
EndProject
Global
	GlobalSection(SolutionConfigurationPlatforms) = preSolution
		Debug|Any CPU = Debug|Any CPU
		Release|Any CPU = Release|Any CPU
	EndGlobalSection
	GlobalSection(ProjectConfigurationPlatforms) = postSolution
		{4729A215-356D-4536-9F30-3CE238485BDC}.Debug|Any CPU.ActiveCfg = Debug|Any CPU
		{4729A215-356D-4536-9F30-3CE238485BDC}.Debug|Any CPU.Build.0 = Debug|Any CPU
		{4729A215-356D-4536-9F30-3CE238485BDC}.Release|Any CPU.ActiveCfg = Release|Any CPU
		{4729A215-356D-4536-9F30-3CE238485BDC}.Release|Any CPU.Build.0 = Release|Any CPU
	EndGlobalSection
	GlobalSection(SolutionProperties) = preSolution
		HideSolutionNode = FALSE
	EndGlobalSection
	GlobalSection(ExtensibilityGlobals) = postSolution
		SolutionGuid = {C8EFC58B-7C23-425F-A4FC-941D7CE2A914}
	EndGlobalSection
EndGlobal
